{
  "name": "@ricco381/cosmos-ws-subscriber",
  "version": "0.0.1",
  "lockfileVersion": 3,
  "requires": true,
  "packages": {
    "": {
      "name": "@ricco381/cosmos-ws-subscriber",
      "version": "0.0.1",
      "license": "MIT",
      "dependencies": {
        "@ricco381/cosmos-tx-parser": "github:ricco381/cosmos-tx-parser#main",
        "ws": "^8.18.3"
      },
      "devDependencies": {
        "@types/ws": "^8.18.1",
        "typescript": "5.6.2"
      }
    },
    "node_modules/@ricco381/cosmos-tx-parser": {
      "version": "0.0.1",
      "resolved": "git+ssh://git@github.com/ricco381/cosmos-tx-parser.git#2e7042a2d10a952bfe3e16a5315c0105d149b92d",
      "license": "MIT",
      "dependencies": {
        "cosmjs-types": "^0.10.1"
      }
    },
    "node_modules/@types/node": {
      "version": "24.6.1",
      "resolved": "https://registry.npmjs.org/@types/node/-/node-24.6.1.tgz",
      "integrity": "sha512-ljvjjs3DNXummeIaooB4cLBKg2U6SPI6Hjra/9rRIy7CpM0HpLtG9HptkMKAb4HYWy5S7HUvJEuWgr/y0U8SHw==",
      "dev": true,
      "license": "MIT",
      "dependencies": {
        "undici-types": "~7.13.0"
      }
    },
    "node_modules/@types/ws": {
      "version": "8.18.1",
      "resolved": "https://registry.npmjs.org/@types/ws/-/ws-8.18.1.tgz",
      "integrity": "sha512-ThVF6DCVhA8kUGy+aazFQ4kXQ7E1Ty7A3ypFOe0IcJV8O/M511G99AW24irKrW56Wt44yG9+ij8FaqoBGkuBXg==",
      "dev": true,
      "license": "MIT",
      "dependencies": {
        "@types/node": "*"
      }
    },
    "node_modules/cosmjs-types": {
      "version": "0.10.1",
      "resolved": "https://registry.npmjs.org/cosmjs-types/-/cosmjs-types-0.10.1.tgz",
      "integrity": "sha512-CENXb4O5GN+VyB68HYXFT2SOhv126Z59631rZC56m8uMWa6/cSlFeai8BwZGT1NMepw0Ecf+U8XSOnBzZUWh9Q==",
      "license": "Apache-2.0"
    },
    "node_modules/typescript": {
      "version": "5.6.2",
      "resolved": "https://registry.npmjs.org/typescript/-/typescript-5.6.2.tgz",
      "integrity": "sha512-NW8ByodCSNCwZeghjN3o+JX5OFH0Ojg6sadjEKY4huZ52TqbJTJnDo5+Tw98lSy63NZvi4n+ez5m2u5d4PkZyw==",
      "dev": true,
      "license": "Apache-2.0",
      "bin": {
        "tsc": "bin/tsc",
        "tsserver": "bin/tsserver"
      },
      "engines": {
        "node": ">=14.17"
      }
    },
    "node_modules/undici-types": {
      "version": "7.13.0",
      "resolved": "https://registry.npmjs.org/undici-types/-/undici-types-7.13.0.tgz",
      "integrity": "sha512-Ov2Rr9Sx+fRgagJ5AX0qvItZG/JKKoBRAVITs1zk7IqZGTJUwgUr7qoYBpWwakpWilTZFM98rG/AFRocu10iIQ==",
      "dev": true,
      "license": "MIT"
    },
    "node_modules/ws": {
      "version": "8.18.3",
      "resolved": "https://registry.npmjs.org/ws/-/ws-8.18.3.tgz",
      "integrity": "sha512-PEIGCY5tSlUt50cqyMXfCzX+oOPqN0vuGqWzbcJ2xvnkzkq46oOpz7dQaTDBdfICb4N14+GARUDw2XV2N4tvzg==",
      "license": "MIT",
      "engines": {
        "node": ">=10.0.0"
      },
      "peerDependencies": {
        "bufferutil": "^4.0.1",
        "utf-8-validate": ">=5.0.2"
      },
      "peerDependenciesMeta": {
        "bufferutil": {
          "optional": true
        },
        "utf-8-validate": {
          "optional": true
        }
      }
    }
  }
}
